
Microsoft Visual Studio Solution File, Format Version 12.00
# Visual Studio Version 17
VisualStudioVersion = 17.2.32630.192
MinimumVisualStudioVersion = 10.0.40219.1
Project("{8BC9CEB8-8B4A-11D0-8D11-00A0C91BC942}") = "Calculadora MpV II", "Calculadora MpV II\Calculadora MpV II.vcxproj", "{679C0C8F-4881-4F69-90D8-C1521F50C49F}"
EndProject
Global
	GlobalSection(SolutionConfigurationPlatforms) = preSolution
		Debug|x64 = Debug|x64
		Debug|x86 = Debug|x86
		Release|x64 = Release|x64
		Release|x86 = Release|x86
	EndGlobalSection
	GlobalSection(ProjectConfigurationPlatforms) = postSolution
		{679C0C8F-4881-4F69-90D8-C1521F50C49F}.Debug|x64.ActiveCfg = Debug|x64
		{679C0C8F-4881-4F69-90D8-C1521F50C49F}.Debug|x64.Build.0 = Debug|x64
		{679C0C8F-4881-4F69-90D8-C1521F50C49F}.Debug|x86.ActiveCfg = Debug|Win32
		{679C0C8F-4881-4F69-90D8-C1521F50C49F}.Debug|x86.Build.0 = Debug|Win32
		{679C0C8F-4881-4F69-90D8-C1521F50C49F}.Release|x64.ActiveCfg = Release|x64
		{679C0C8F-4881-4F69-90D8-C1521F50C49F}.Release|x64.Build.0 = Release|x64
		{679C0C8F-4881-4F69-90D8-C1521F50C49F}.Release|x86.ActiveCfg = Release|Win32
		{679C0C8F-4881-4F69-90D8-C1521F50C49F}.Release|x86.Build.0 = Release|Win32
	EndGlobalSection
	GlobalSection(SolutionProperties) = preSolution
		HideSolutionNode = FALSE
	EndGlobalSection
	GlobalSection(ExtensibilityGlobals) = postSolution
		SolutionGuid = {FF564526-5FFF-4461-B592-DD48F8DEAF9B}
	EndGlobalSection
EndGlobal
